
Microsoft Visual Studio Solution File, Format Version 12.00
# Visual Studio Version 17
VisualStudioVersion = 17.13.35825.156 d17.13
MinimumVisualStudioVersion = 10.0.40219.1
Project("{FAE04EC0-301F-11D3-BF4B-00C04F79EFBC}") = "Ejercicio1", "Ejercicio1\Ejercicio1.csproj", "{DEA9B46A-E302-4484-938E-085D887C042B}"
EndProject
Global
	GlobalSection(SolutionConfigurationPlatforms) = preSolution
		Debug|Any CPU = Debug|Any CPU
		Release|Any CPU = Release|Any CPU
	EndGlobalSection
	GlobalSection(ProjectConfigurationPlatforms) = postSolution
		{DEA9B46A-E302-4484-938E-085D887C042B}.Debug|Any CPU.ActiveCfg = Debug|Any CPU
		{DEA9B46A-E302-4484-938E-085D887C042B}.Debug|Any CPU.Build.0 = Debug|Any CPU
		{DEA9B46A-E302-4484-938E-085D887C042B}.Release|Any CPU.ActiveCfg = Release|Any CPU
		{DEA9B46A-E302-4484-938E-085D887C042B}.Release|Any CPU.Build.0 = Release|Any CPU
	EndGlobalSection
	GlobalSection(SolutionProperties) = preSolution
		HideSolutionNode = FALSE
	EndGlobalSection
	GlobalSection(ExtensibilityGlobals) = postSolution
		SolutionGuid = {6A519722-1CB3-4734-8438-C09A21F395D1}
	EndGlobalSection
EndGlobal
