
Microsoft Visual Studio Solution File, Format Version 12.00
# Visual Studio Version 17
VisualStudioVersion = 17.13.35825.156
MinimumVisualStudioVersion = 10.0.40219.1
Project("{FAE04EC0-301F-11D3-BF4B-00C04F79EFBC}") = "Ejercicio1", "Ejercicio1\Ejercicio1.csproj", "{DEA9B46A-E302-4484-938E-085D887C042B}"
EndProject
Project("{FAE04EC0-301F-11D3-BF4B-00C04F79EFBC}") = "Ejercicio2", "Ejercicio2\Ejercicio2.csproj", "{D537A4D5-DA7F-4678-8D58-0A616856CC15}"
EndProject
Project("{FAE04EC0-301F-11D3-BF4B-00C04F79EFBC}") = "Ejercicio1Semana4", "Ejercicio1Semana4\Ejercicio1Semana4.csproj", "{C6CE1724-6429-426A-8B7B-12944A38D614}"
EndProject
Project("{FAE04EC0-301F-11D3-BF4B-00C04F79EFBC}") = "Ejercicio2Semana4", "Ejercicio2Semana4\Ejercicio2Semana4.csproj", "{D8B6F92A-DA61-41BA-9C13-1C016F2E275A}"
EndProject
Project("{FAE04EC0-301F-11D3-BF4B-00C04F79EFBC}") = "ConsoleApp1", "ConsoleApp1\ConsoleApp1.csproj", "{221513B7-87F8-4338-AB3A-653AE37F7613}"
EndProject
Project("{FAE04EC0-301F-11D3-BF4B-00C04F79EFBC}") = "Ejercicio3Semana4", "Ejercicio3Semana4\Ejercicio3Semana4.csproj", "{96D2621A-35E0-43EA-9DE2-8A7DB9B885DD}"
EndProject
Project("{FAE04EC0-301F-11D3-BF4B-00C04F79EFBC}") = "Ejercicio4Semana$", "Ejercicio4Semana$\Ejercicio4Semana$.csproj", "{13194AE1-AD64-45A3-9F93-42C3C1E1B5CA}"
EndProject
Project("{FAE04EC0-301F-11D3-BF4B-00C04F79EFBC}") = "Semana5Ejer1", "Semana5Ejer1\Semana5Ejer1.csproj", "{4F1C33F2-F296-488D-8F40-B7CF97E48328}"
EndProject
Project("{FAE04EC0-301F-11D3-BF4B-00C04F79EFBC}") = "Semana%Ejer2", "Semana%Ejer2\Semana%Ejer2.csproj", "{5EDF1872-FEE7-4D15-896D-2147BCDD2E3E}"
EndProject
Project("{FAE04EC0-301F-11D3-BF4B-00C04F79EFBC}") = "Semana5Eje3", "Semana5Eje3\Semana5Eje3.csproj", "{ED4F9AB2-9EC6-4D27-B70A-1547864A1D48}"
EndProject
Project("{FAE04EC0-301F-11D3-BF4B-00C04F79EFBC}") = "Semana5Ejer4", "Semana5Ejer4\Semana5Ejer4.csproj", "{689E3927-7991-4D63-B083-3B9DEAC5F7BE}"
EndProject
Project("{FAE04EC0-301F-11D3-BF4B-00C04F79EFBC}") = "Semana%Sintomas", "Semana%Sintomas\Semana%Sintomas.csproj", "{45BBC52A-897F-4BB1-B23F-E2EE37AD445B}"
EndProject
Project("{FAE04EC0-301F-11D3-BF4B-00C04F79EFBC}") = "Ejer1Semana7", "Ejer1Semana7\Ejer1Semana7.csproj", "{503C1237-6423-4339-BD34-56190C52F20F}"
EndProject
Project("{FAE04EC0-301F-11D3-BF4B-00C04F79EFBC}") = "Ejer2Semana7", "Ejer2Semana7\Ejer2Semana7.csproj", "{26E707CE-1F62-4760-A2D2-6EAA45A88DFC}"
EndProject
Project("{FAE04EC0-301F-11D3-BF4B-00C04F79EFBC}") = "Semana8Ejercicio1", "Semana8Ejercicio1\Semana8Ejercicio1.csproj", "{2E78BE26-2138-4640-A3C8-0F1E22AC6F30}"
EndProject
Project("{FAE04EC0-301F-11D3-BF4B-00C04F79EFBC}") = "Semana8Practica", "Semana8Practica\Semana8Practica.csproj", "{9302723A-AE57-4094-B848-18F6F3EA9CD6}"
EndProject
Project("{FAE04EC0-301F-11D3-BF4B-00C04F79EFBC}") = "Semana8Clase2Ejercicio1", "Semana8Clase2Ejercicio1\Semana8Clase2Ejercicio1.csproj", "{B2A7C758-7334-411C-8718-7551E7F821E2}"
EndProject
Project("{FAE04EC0-301F-11D3-BF4B-00C04F79EFBC}") = "Semana9Ejercicio1", "Semana9Ejercicio1\Semana9Ejercicio1.csproj", "{2B87CFF9-591F-4D9F-8A03-12BBA7727C05}"
EndProject
Project("{FAE04EC0-301F-11D3-BF4B-00C04F79EFBC}") = "Semana9UsoDeClases", "Semana9UsoDeClases\Semana9UsoDeClases.csproj", "{B517B2CA-EF51-46B5-9CF6-09AEF49A282C}"
EndProject
Project("{FAE04EC0-301F-11D3-BF4B-00C04F79EFBC}") = "Semana9Clase2Ejerc1", "Semana9Clase2Ejerc1\Semana9Clase2Ejerc1.csproj", "{B923EABD-C82D-4E66-AC97-0DD2813E0DD7}"
EndProject
Project("{FAE04EC0-301F-11D3-BF4B-00C04F79EFBC}") = "Semana9Clas2BibliotecaClases", "Semana9Clas2BibliotecaClases\Semana9Clas2BibliotecaClases.csproj", "{5383C301-BB13-4B5D-A5FC-8B7189693F9F}"
EndProject
Project("{FAE04EC0-301F-11D3-BF4B-00C04F79EFBC}") = "Semana11BCEjer1", "Semana11BCEjer1\Semana11BCEjer1.csproj", "{1F262724-5E59-4298-AEB1-A5193F7B66A5}"
EndProject
Project("{FAE04EC0-301F-11D3-BF4B-00C04F79EFBC}") = "Semana11ConsoleEjer1", "Semana11ConsoleEjer1\Semana11ConsoleEjer1.csproj", "{3C6D525B-5D98-4F52-98F2-E9F7375494B9}"
EndProject
Project("{FAE04EC0-301F-11D3-BF4B-00C04F79EFBC}") = "Semana11CoEjer1Clas2", "Semana11CoEjer1Clas2\Semana11CoEjer1Clas2.csproj", "{986F34BE-DD49-4DE3-BB25-122482E037D1}"
EndProject
Project("{FAE04EC0-301F-11D3-BF4B-00C04F79EFBC}") = "Semana11BCEjer1Clas2", "Semana11BCEjer1Clas2\Semana11BCEjer1Clas2.csproj", "{C81E411D-594D-4D92-A01F-D31A0D2C4414}"
EndProject
Project("{FAE04EC0-301F-11D3-BF4B-00C04F79EFBC}") = "Semana12Clas1ejer1BC", "Semana12Clas1\Semana12Clas1ejer1BC.csproj", "{CC547D76-0C3C-49B0-BF83-5CCBDE1A4DE9}"
EndProject
Project("{FAE04EC0-301F-11D3-BF4B-00C04F79EFBC}") = "Semana12Clase1Ejer1Console", "Semana12Clase1Ejer1Console\Semana12Clase1Ejer1Console.csproj", "{4F077667-390D-469B-9A35-106F7B3248AB}"
EndProject
Global
	GlobalSection(SolutionConfigurationPlatforms) = preSolution
		Debug|Any CPU = Debug|Any CPU
		Release|Any CPU = Release|Any CPU
	EndGlobalSection
	GlobalSection(ProjectConfigurationPlatforms) = postSolution
		{DEA9B46A-E302-4484-938E-085D887C042B}.Debug|Any CPU.ActiveCfg = Debug|Any CPU
		{DEA9B46A-E302-4484-938E-085D887C042B}.Debug|Any CPU.Build.0 = Debug|Any CPU
		{DEA9B46A-E302-4484-938E-085D887C042B}.Release|Any CPU.ActiveCfg = Release|Any CPU
		{DEA9B46A-E302-4484-938E-085D887C042B}.Release|Any CPU.Build.0 = Release|Any CPU
		{D537A4D5-DA7F-4678-8D58-0A616856CC15}.Debug|Any CPU.ActiveCfg = Debug|Any CPU
		{D537A4D5-DA7F-4678-8D58-0A616856CC15}.Debug|Any CPU.Build.0 = Debug|Any CPU
		{D537A4D5-DA7F-4678-8D58-0A616856CC15}.Release|Any CPU.ActiveCfg = Release|Any CPU
		{D537A4D5-DA7F-4678-8D58-0A616856CC15}.Release|Any CPU.Build.0 = Release|Any CPU
		{C6CE1724-6429-426A-8B7B-12944A38D614}.Debug|Any CPU.ActiveCfg = Debug|Any CPU
		{C6CE1724-6429-426A-8B7B-12944A38D614}.Debug|Any CPU.Build.0 = Debug|Any CPU
		{C6CE1724-6429-426A-8B7B-12944A38D614}.Release|Any CPU.ActiveCfg = Release|Any CPU
		{C6CE1724-6429-426A-8B7B-12944A38D614}.Release|Any CPU.Build.0 = Release|Any CPU
		{D8B6F92A-DA61-41BA-9C13-1C016F2E275A}.Debug|Any CPU.ActiveCfg = Debug|Any CPU
		{D8B6F92A-DA61-41BA-9C13-1C016F2E275A}.Debug|Any CPU.Build.0 = Debug|Any CPU
		{D8B6F92A-DA61-41BA-9C13-1C016F2E275A}.Release|Any CPU.ActiveCfg = Release|Any CPU
		{D8B6F92A-DA61-41BA-9C13-1C016F2E275A}.Release|Any CPU.Build.0 = Release|Any CPU
		{221513B7-87F8-4338-AB3A-653AE37F7613}.Debug|Any CPU.ActiveCfg = Debug|Any CPU
		{221513B7-87F8-4338-AB3A-653AE37F7613}.Debug|Any CPU.Build.0 = Debug|Any CPU
		{221513B7-87F8-4338-AB3A-653AE37F7613}.Release|Any CPU.ActiveCfg = Release|Any CPU
		{221513B7-87F8-4338-AB3A-653AE37F7613}.Release|Any CPU.Build.0 = Release|Any CPU
		{96D2621A-35E0-43EA-9DE2-8A7DB9B885DD}.Debug|Any CPU.ActiveCfg = Debug|Any CPU
		{96D2621A-35E0-43EA-9DE2-8A7DB9B885DD}.Debug|Any CPU.Build.0 = Debug|Any CPU
		{96D2621A-35E0-43EA-9DE2-8A7DB9B885DD}.Release|Any CPU.ActiveCfg = Release|Any CPU
		{96D2621A-35E0-43EA-9DE2-8A7DB9B885DD}.Release|Any CPU.Build.0 = Release|Any CPU
		{13194AE1-AD64-45A3-9F93-42C3C1E1B5CA}.Debug|Any CPU.ActiveCfg = Debug|Any CPU
		{13194AE1-AD64-45A3-9F93-42C3C1E1B5CA}.Debug|Any CPU.Build.0 = Debug|Any CPU
		{13194AE1-AD64-45A3-9F93-42C3C1E1B5CA}.Release|Any CPU.ActiveCfg = Release|Any CPU
		{13194AE1-AD64-45A3-9F93-42C3C1E1B5CA}.Release|Any CPU.Build.0 = Release|Any CPU
		{4F1C33F2-F296-488D-8F40-B7CF97E48328}.Debug|Any CPU.ActiveCfg = Debug|Any CPU
		{4F1C33F2-F296-488D-8F40-B7CF97E48328}.Debug|Any CPU.Build.0 = Debug|Any CPU
		{4F1C33F2-F296-488D-8F40-B7CF97E48328}.Release|Any CPU.ActiveCfg = Release|Any CPU
		{4F1C33F2-F296-488D-8F40-B7CF97E48328}.Release|Any CPU.Build.0 = Release|Any CPU
		{5EDF1872-FEE7-4D15-896D-2147BCDD2E3E}.Debug|Any CPU.ActiveCfg = Debug|Any CPU
		{5EDF1872-FEE7-4D15-896D-2147BCDD2E3E}.Debug|Any CPU.Build.0 = Debug|Any CPU
		{5EDF1872-FEE7-4D15-896D-2147BCDD2E3E}.Release|Any CPU.ActiveCfg = Release|Any CPU
		{5EDF1872-FEE7-4D15-896D-2147BCDD2E3E}.Release|Any CPU.Build.0 = Release|Any CPU
		{ED4F9AB2-9EC6-4D27-B70A-1547864A1D48}.Debug|Any CPU.ActiveCfg = Debug|Any CPU
		{ED4F9AB2-9EC6-4D27-B70A-1547864A1D48}.Debug|Any CPU.Build.0 = Debug|Any CPU
		{ED4F9AB2-9EC6-4D27-B70A-1547864A1D48}.Release|Any CPU.ActiveCfg = Release|Any CPU
		{ED4F9AB2-9EC6-4D27-B70A-1547864A1D48}.Release|Any CPU.Build.0 = Release|Any CPU
		{689E3927-7991-4D63-B083-3B9DEAC5F7BE}.Debug|Any CPU.ActiveCfg = Debug|Any CPU
		{689E3927-7991-4D63-B083-3B9DEAC5F7BE}.Debug|Any CPU.Build.0 = Debug|Any CPU
		{689E3927-7991-4D63-B083-3B9DEAC5F7BE}.Release|Any CPU.ActiveCfg = Release|Any CPU
		{689E3927-7991-4D63-B083-3B9DEAC5F7BE}.Release|Any CPU.Build.0 = Release|Any CPU
		{45BBC52A-897F-4BB1-B23F-E2EE37AD445B}.Debug|Any CPU.ActiveCfg = Debug|Any CPU
		{45BBC52A-897F-4BB1-B23F-E2EE37AD445B}.Debug|Any CPU.Build.0 = Debug|Any CPU
		{45BBC52A-897F-4BB1-B23F-E2EE37AD445B}.Release|Any CPU.ActiveCfg = Release|Any CPU
		{45BBC52A-897F-4BB1-B23F-E2EE37AD445B}.Release|Any CPU.Build.0 = Release|Any CPU
		{503C1237-6423-4339-BD34-56190C52F20F}.Debug|Any CPU.ActiveCfg = Debug|Any CPU
		{503C1237-6423-4339-BD34-56190C52F20F}.Debug|Any CPU.Build.0 = Debug|Any CPU
		{503C1237-6423-4339-BD34-56190C52F20F}.Release|Any CPU.ActiveCfg = Release|Any CPU
		{503C1237-6423-4339-BD34-56190C52F20F}.Release|Any CPU.Build.0 = Release|Any CPU
		{26E707CE-1F62-4760-A2D2-6EAA45A88DFC}.Debug|Any CPU.ActiveCfg = Debug|Any CPU
		{26E707CE-1F62-4760-A2D2-6EAA45A88DFC}.Debug|Any CPU.Build.0 = Debug|Any CPU
		{26E707CE-1F62-4760-A2D2-6EAA45A88DFC}.Release|Any CPU.ActiveCfg = Release|Any CPU
		{26E707CE-1F62-4760-A2D2-6EAA45A88DFC}.Release|Any CPU.Build.0 = Release|Any CPU
		{2E78BE26-2138-4640-A3C8-0F1E22AC6F30}.Debug|Any CPU.ActiveCfg = Debug|Any CPU
		{2E78BE26-2138-4640-A3C8-0F1E22AC6F30}.Debug|Any CPU.Build.0 = Debug|Any CPU
		{2E78BE26-2138-4640-A3C8-0F1E22AC6F30}.Release|Any CPU.ActiveCfg = Release|Any CPU
		{2E78BE26-2138-4640-A3C8-0F1E22AC6F30}.Release|Any CPU.Build.0 = Release|Any CPU
		{9302723A-AE57-4094-B848-18F6F3EA9CD6}.Debug|Any CPU.ActiveCfg = Debug|Any CPU
		{9302723A-AE57-4094-B848-18F6F3EA9CD6}.Debug|Any CPU.Build.0 = Debug|Any CPU
		{9302723A-AE57-4094-B848-18F6F3EA9CD6}.Release|Any CPU.ActiveCfg = Release|Any CPU
		{9302723A-AE57-4094-B848-18F6F3EA9CD6}.Release|Any CPU.Build.0 = Release|Any CPU
		{B2A7C758-7334-411C-8718-7551E7F821E2}.Debug|Any CPU.ActiveCfg = Debug|Any CPU
		{B2A7C758-7334-411C-8718-7551E7F821E2}.Debug|Any CPU.Build.0 = Debug|Any CPU
		{B2A7C758-7334-411C-8718-7551E7F821E2}.Release|Any CPU.ActiveCfg = Release|Any CPU
		{B2A7C758-7334-411C-8718-7551E7F821E2}.Release|Any CPU.Build.0 = Release|Any CPU
		{2B87CFF9-591F-4D9F-8A03-12BBA7727C05}.Debug|Any CPU.ActiveCfg = Debug|Any CPU
		{2B87CFF9-591F-4D9F-8A03-12BBA7727C05}.Debug|Any CPU.Build.0 = Debug|Any CPU
		{2B87CFF9-591F-4D9F-8A03-12BBA7727C05}.Release|Any CPU.ActiveCfg = Release|Any CPU
		{2B87CFF9-591F-4D9F-8A03-12BBA7727C05}.Release|Any CPU.Build.0 = Release|Any CPU
		{B517B2CA-EF51-46B5-9CF6-09AEF49A282C}.Debug|Any CPU.ActiveCfg = Debug|Any CPU
		{B517B2CA-EF51-46B5-9CF6-09AEF49A282C}.Debug|Any CPU.Build.0 = Debug|Any CPU
		{B517B2CA-EF51-46B5-9CF6-09AEF49A282C}.Release|Any CPU.ActiveCfg = Release|Any CPU
		{B517B2CA-EF51-46B5-9CF6-09AEF49A282C}.Release|Any CPU.Build.0 = Release|Any CPU
		{B923EABD-C82D-4E66-AC97-0DD2813E0DD7}.Debug|Any CPU.ActiveCfg = Debug|Any CPU
		{B923EABD-C82D-4E66-AC97-0DD2813E0DD7}.Debug|Any CPU.Build.0 = Debug|Any CPU
		{B923EABD-C82D-4E66-AC97-0DD2813E0DD7}.Release|Any CPU.ActiveCfg = Release|Any CPU
		{B923EABD-C82D-4E66-AC97-0DD2813E0DD7}.Release|Any CPU.Build.0 = Release|Any CPU
		{5383C301-BB13-4B5D-A5FC-8B7189693F9F}.Debug|Any CPU.ActiveCfg = Debug|Any CPU
		{5383C301-BB13-4B5D-A5FC-8B7189693F9F}.Debug|Any CPU.Build.0 = Debug|Any CPU
		{5383C301-BB13-4B5D-A5FC-8B7189693F9F}.Release|Any CPU.ActiveCfg = Release|Any CPU
		{5383C301-BB13-4B5D-A5FC-8B7189693F9F}.Release|Any CPU.Build.0 = Release|Any CPU
		{1F262724-5E59-4298-AEB1-A5193F7B66A5}.Debug|Any CPU.ActiveCfg = Debug|Any CPU
		{1F262724-5E59-4298-AEB1-A5193F7B66A5}.Debug|Any CPU.Build.0 = Debug|Any CPU
		{1F262724-5E59-4298-AEB1-A5193F7B66A5}.Release|Any CPU.ActiveCfg = Release|Any CPU
		{1F262724-5E59-4298-AEB1-A5193F7B66A5}.Release|Any CPU.Build.0 = Release|Any CPU
		{3C6D525B-5D98-4F52-98F2-E9F7375494B9}.Debug|Any CPU.ActiveCfg = Debug|Any CPU
		{3C6D525B-5D98-4F52-98F2-E9F7375494B9}.Debug|Any CPU.Build.0 = Debug|Any CPU
		{3C6D525B-5D98-4F52-98F2-E9F7375494B9}.Release|Any CPU.ActiveCfg = Release|Any CPU
		{3C6D525B-5D98-4F52-98F2-E9F7375494B9}.Release|Any CPU.Build.0 = Release|Any CPU
		{986F34BE-DD49-4DE3-BB25-122482E037D1}.Debug|Any CPU.ActiveCfg = Debug|Any CPU
		{986F34BE-DD49-4DE3-BB25-122482E037D1}.Debug|Any CPU.Build.0 = Debug|Any CPU
		{986F34BE-DD49-4DE3-BB25-122482E037D1}.Release|Any CPU.ActiveCfg = Release|Any CPU
		{986F34BE-DD49-4DE3-BB25-122482E037D1}.Release|Any CPU.Build.0 = Release|Any CPU
		{C81E411D-594D-4D92-A01F-D31A0D2C4414}.Debug|Any CPU.ActiveCfg = Debug|Any CPU
		{C81E411D-594D-4D92-A01F-D31A0D2C4414}.Debug|Any CPU.Build.0 = Debug|Any CPU
		{C81E411D-594D-4D92-A01F-D31A0D2C4414}.Release|Any CPU.ActiveCfg = Release|Any CPU
		{C81E411D-594D-4D92-A01F-D31A0D2C4414}.Release|Any CPU.Build.0 = Release|Any CPU
		{CC547D76-0C3C-49B0-BF83-5CCBDE1A4DE9}.Debug|Any CPU.ActiveCfg = Debug|Any CPU
		{CC547D76-0C3C-49B0-BF83-5CCBDE1A4DE9}.Debug|Any CPU.Build.0 = Debug|Any CPU
		{CC547D76-0C3C-49B0-BF83-5CCBDE1A4DE9}.Release|Any CPU.ActiveCfg = Release|Any CPU
		{CC547D76-0C3C-49B0-BF83-5CCBDE1A4DE9}.Release|Any CPU.Build.0 = Release|Any CPU
		{4F077667-390D-469B-9A35-106F7B3248AB}.Debug|Any CPU.ActiveCfg = Debug|Any CPU
		{4F077667-390D-469B-9A35-106F7B3248AB}.Debug|Any CPU.Build.0 = Debug|Any CPU
		{4F077667-390D-469B-9A35-106F7B3248AB}.Release|Any CPU.ActiveCfg = Release|Any CPU
		{4F077667-390D-469B-9A35-106F7B3248AB}.Release|Any CPU.Build.0 = Release|Any CPU
	EndGlobalSection
	GlobalSection(SolutionProperties) = preSolution
		HideSolutionNode = FALSE
	EndGlobalSection
	GlobalSection(ExtensibilityGlobals) = postSolution
		SolutionGuid = {6A519722-1CB3-4734-8438-C09A21F395D1}
	EndGlobalSection
EndGlobal
